
Microsoft Visual Studio Solution File, Format Version 12.00
# Visual Studio Version 17
VisualStudioVersion = 17.3.32901.215
MinimumVisualStudioVersion = 10.0.40219.1
Project("{FAE04EC0-301F-11D3-BF4B-00C04F79EFBC}") = "5.02.2024.1473", "5.02.2024.1473\5.02.2024.1473.csproj", "{94FF4E21-A286-4EA6-90D7-9001BA57A8EC}"
EndProject
Global
	GlobalSection(SolutionConfigurationPlatforms) = preSolution
		Debug|Any CPU = Debug|Any CPU
		Release|Any CPU = Release|Any CPU
	EndGlobalSection
	GlobalSection(ProjectConfigurationPlatforms) = postSolution
		{94FF4E21-A286-4EA6-90D7-9001BA57A8EC}.Debug|Any CPU.ActiveCfg = Debug|Any CPU
		{94FF4E21-A286-4EA6-90D7-9001BA57A8EC}.Debug|Any CPU.Build.0 = Debug|Any CPU
		{94FF4E21-A286-4EA6-90D7-9001BA57A8EC}.Release|Any CPU.ActiveCfg = Release|Any CPU
		{94FF4E21-A286-4EA6-90D7-9001BA57A8EC}.Release|Any CPU.Build.0 = Release|Any CPU
	EndGlobalSection
	GlobalSection(SolutionProperties) = preSolution
		HideSolutionNode = FALSE
	EndGlobalSection
	GlobalSection(ExtensibilityGlobals) = postSolution
		SolutionGuid = {2D984E02-C13C-4E22-AE27-C5C0BB019F63}
	EndGlobalSection
EndGlobal
